// !$*UTF8*$!
{
	archiveVersion = 1;
	classes = {
	};
	objectVersion = 50;
	objects = {

/* Begin PBXBuildFile section */
		63206E6B22333A3B00A3091E /* AppDelegate.swift in Sources */ = {isa = PBXBuildFile; fileRef = 63206E6A22333A3B00A3091E /* AppDelegate.swift */; };
		63206E6D22333A3B00A3091E /* FirstViewController.swift in Sources */ = {isa = PBXBuildFile; fileRef = 63206E6C22333A3B00A3091E /* FirstViewController.swift */; };
		63206E6F22333A3B00A3091E /* SecondViewController.swift in Sources */ = {isa = PBXBuildFile; fileRef = 63206E6E22333A3B00A3091E /* SecondViewController.swift */; };
		63206E7222333A3B00A3091E /* Main.storyboard in Resources */ = {isa = PBXBuildFile; fileRef = 63206E7022333A3B00A3091E /* Main.storyboard */; };
		63206E7422333A3D00A3091E /* Assets.xcassets in Resources */ = {isa = PBXBuildFile; fileRef = 63206E7322333A3D00A3091E /* Assets.xcassets */; };
		63206E7722333A3D00A3091E /* LaunchScreen.storyboard in Resources */ = {isa = PBXBuildFile; fileRef = 63206E7522333A3D00A3091E /* LaunchScreen.storyboard */; };
		63206E7F22345F3C00A3091E /* Enry.swift in Sources */ = {isa = PBXBuildFile; fileRef = 63206E7E22345F3C00A3091E /* Enry.swift */; };
		63206E812234699F00A3091E /* GoogleService-Info.plist in Resources */ = {isa = PBXBuildFile; fileRef = 63206E802234699F00A3091E /* GoogleService-Info.plist */; };
		9879164DAA85650199DB070F /* Pods_LibreShare.framework in Frameworks */ = {isa = PBXBuildFile; fileRef = E3E1C4C3151EC6203115B857 /* Pods_LibreShare.framework */; };
/* End PBXBuildFile section */

/* Begin PBXFileReference section */
		271B46990090313AF409E347 /* Pods-LibreShare.debug.xcconfig */ = {isa = PBXFileReference; includeInIndex = 1; lastKnownFileType = text.xcconfig; name = "Pods-LibreShare.debug.xcconfig"; path = "Pods/Target Support Files/Pods-LibreShare/Pods-LibreShare.debug.xcconfig"; sourceTree = "<group>"; };
		63206E6722333A3B00A3091E /* LibreShare.app */ = {isa = PBXFileReference; explicitFileType = wrapper.application; includeInIndex = 0; path = LibreShare.app; sourceTree = BUILT_PRODUCTS_DIR; };
		63206E6A22333A3B00A3091E /* AppDelegate.swift */ = {isa = PBXFileReference; lastKnownFileType = sourcecode.swift; path = AppDelegate.swift; sourceTree = "<group>"; };
		63206E6C22333A3B00A3091E /* FirstViewController.swift */ = {isa = PBXFileReference; lastKnownFileType = sourcecode.swift; path = FirstViewController.swift; sourceTree = "<group>"; };
		63206E6E22333A3B00A3091E /* SecondViewController.swift */ = {isa = PBXFileReference; lastKnownFileType = sourcecode.swift; path = SecondViewController.swift; sourceTree = "<group>"; };
		63206E7122333A3B00A3091E /* Base */ = {isa = PBXFileReference; lastKnownFileType = file.storyboard; name = Base; path = Base.lproj/Main.storyboard; sourceTree = "<group>"; };
		63206E7322333A3D00A3091E /* Assets.xcassets */ = {isa = PBXFileReference; lastKnownFileType = folder.assetcatalog; path = Assets.xcassets; sourceTree = "<group>"; };
		63206E7622333A3D00A3091E /* Base */ = {isa = PBXFileReference; lastKnownFileType = file.storyboard; name = Base; path = Base.lproj/LaunchScreen.storyboard; sourceTree = "<group>"; };
		63206E7822333A3D00A3091E /* Info.plist */ = {isa = PBXFileReference; lastKnownFileType = text.plist.xml; path = Info.plist; sourceTree = "<group>"; };
		63206E7E22345F3C00A3091E /* Enry.swift */ = {isa = PBXFileReference; lastKnownFileType = sourcecode.swift; path = Enry.swift; sourceTree = "<group>"; };
		63206E802234699F00A3091E /* GoogleService-Info.plist */ = {isa = PBXFileReference; fileEncoding = 4; lastKnownFileType = text.plist.xml; path = "GoogleService-Info.plist"; sourceTree = "<group>"; };
		C13C612C062807546D3F30B5 /* Pods-LibreShare.release.xcconfig */ = {isa = PBXFileReference; includeInIndex = 1; lastKnownFileType = text.xcconfig; name = "Pods-LibreShare.release.xcconfig"; path = "Pods/Target Support Files/Pods-LibreShare/Pods-LibreShare.release.xcconfig"; sourceTree = "<group>"; };
		E3E1C4C3151EC6203115B857 /* Pods_LibreShare.framework */ = {isa = PBXFileReference; explicitFileType = wrapper.framework; includeInIndex = 0; path = Pods_LibreShare.framework; sourceTree = BUILT_PRODUCTS_DIR; };
/* End PBXFileReference section */

/* Begin PBXFrameworksBuildPhase section */
		63206E6422333A3B00A3091E /* Frameworks */ = {
			isa = PBXFrameworksBuildPhase;
			buildActionMask = 2147483647;
			files = (
				9879164DAA85650199DB070F /* Pods_LibreShare.framework in Frameworks */,
			);
			runOnlyForDeploymentPostprocessing = 0;
		};
/* End PBXFrameworksBuildPhase section */

/* Begin PBXGroup section */
		4D92E37374342967CA3E6ED4 /* Pods */ = {
			isa = PBXGroup;
			children = (
				271B46990090313AF409E347 /* Pods-LibreShare.debug.xcconfig */,
				C13C612C062807546D3F30B5 /* Pods-LibreShare.release.xcconfig */,
			);
			name = Pods;
			sourceTree = "<group>";
		};
		63206E5E22333A3B00A3091E = {
			isa = PBXGroup;
			children = (
				63206E6922333A3B00A3091E /* LibreShare */,
				63206E6822333A3B00A3091E /* Products */,
				4D92E37374342967CA3E6ED4 /* Pods */,
				9CD85543F516C6391D54092B /* Frameworks */,
			);
			sourceTree = "<group>";
		};
		63206E6822333A3B00A3091E /* Products */ = {
			isa = PBXGroup;
			children = (
				63206E6722333A3B00A3091E /* LibreShare.app */,
			);
			name = Products;
			sourceTree = "<group>";
		};
		63206E6922333A3B00A3091E /* LibreShare */ = {
			isa = PBXGroup;
			children = (
				63206E802234699F00A3091E /* GoogleService-Info.plist */,
				63206E6A22333A3B00A3091E /* AppDelegate.swift */,
				63206E6C22333A3B00A3091E /* FirstViewController.swift */,
				63206E6E22333A3B00A3091E /* SecondViewController.swift */,
				63206E7022333A3B00A3091E /* Main.storyboard */,
				63206E7322333A3D00A3091E /* Assets.xcassets */,
				63206E7522333A3D00A3091E /* LaunchScreen.storyboard */,
				63206E7822333A3D00A3091E /* Info.plist */,
				63206E7E22345F3C00A3091E /* Enry.swift */,
			);
			path = LibreShare;
			sourceTree = "<group>";
		};
		9CD85543F516C6391D54092B /* Frameworks */ = {
			isa = PBXGroup;
			children = (
				E3E1C4C3151EC6203115B857 /* Pods_LibreShare.framework */,
			);
			name = Frameworks;
			sourceTree = "<group>";
		};
/* End PBXGroup section */

/* Begin PBXNativeTarget section */
		63206E6622333A3B00A3091E /* LibreShare */ = {
			isa = PBXNativeTarget;
			buildConfigurationList = 63206E7B22333A3D00A3091E /* Build configuration list for PBXNativeTarget "LibreShare" */;
			buildPhases = (
				B3989102626173E119398161 /* [CP] Check Pods Manifest.lock */,
				63206E6322333A3B00A3091E /* Sources */,
				63206E6422333A3B00A3091E /* Frameworks */,
				63206E6522333A3B00A3091E /* Resources */,
				A231C1A08279F51F384161A1 /* [CP] Embed Pods Frameworks */,
			);
			buildRules = (
			);
			dependencies = (
			);
			name = LibreShare;
			productName = LibreShare;
			productReference = 63206E6722333A3B00A3091E /* LibreShare.app */;
			productType = "com.apple.product-type.application";
		};
/* End PBXNativeTarget section */

/* Begin PBXProject section */
		63206E5F22333A3B00A3091E /* Project object */ = {
			isa = PBXProject;
			attributes = {
				LastSwiftUpdateCheck = 1010;
				LastUpgradeCheck = 1010;
				ORGANIZATIONNAME = "Roger Deutsch";
				TargetAttributes = {
					63206E6622333A3B00A3091E = {
						CreatedOnToolsVersion = 10.1;
					};
				};
			};
			buildConfigurationList = 63206E6222333A3B00A3091E /* Build configuration list for PBXProject "LibreShare" */;
			compatibilityVersion = "Xcode 9.3";
			developmentRegion = en;
			hasScannedForEncodings = 0;
			knownRegions = (
				en,
				Base,
			);
			mainGroup = 63206E5E22333A3B00A3091E;
			productRefGroup = 63206E6822333A3B00A3091E /* Products */;
			projectDirPath = "";
			projectRoot = "";
			targets = (
				63206E6622333A3B00A3091E /* LibreShare */,
			);
		};
/* End PBXProject section */

/* Begin PBXResourcesBuildPhase section */
		63206E6522333A3B00A3091E /* Resources */ = {
			isa = PBXResourcesBuildPhase;
			buildActionMask = 2147483647;
			files = (
				63206E7722333A3D00A3091E /* LaunchScreen.storyboard in Resources */,
				63206E812234699F00A3091E /* GoogleService-Info.plist in Resources */,
				63206E7422333A3D00A3091E /* Assets.xcassets in Resources */,
				63206E7222333A3B00A3091E /* Main.storyboard in Resources */,
			);
			runOnlyForDeploymentPostprocessing = 0;
		};
/* End PBXResourcesBuildPhase section */

/* Begin PBXShellScriptBuildPhase section */
		A231C1A08279F51F384161A1 /* [CP] Embed Pods Frameworks */ = {
			isa = PBXShellScriptBuildPhase;
			buildActionMask = 2147483647;
			files = (
			);
			inputFileListPaths = (
			);
			inputPaths = (
				"${SRCROOT}/Pods/Target Support Files/Pods-LibreShare/Pods-LibreShare-frameworks.sh",
				"${BUILT_PRODUCTS_DIR}/GoogleUtilities/GoogleUtilities.framework",
				"${BUILT_PRODUCTS_DIR}/leveldb-library/leveldb.framework",
				"${BUILT_PRODUCTS_DIR}/nanopb/nanopb.framework",
			);
			name = "[CP] Embed Pods Frameworks";
			outputFileListPaths = (
			);
			outputPaths = (
				"${TARGET_BUILD_DIR}/${FRAMEWORKS_FOLDER_PATH}/GoogleUtilities.framework",
				"${TARGET_BUILD_DIR}/${FRAMEWORKS_FOLDER_PATH}/leveldb.framework",
				"${TARGET_BUILD_DIR}/${FRAMEWORKS_FOLDER_PATH}/nanopb.framework",
			);
			runOnlyForDeploymentPostprocessing = 0;
			shellPath = /bin/sh;
			shellScript = "\"${SRCROOT}/Pods/Target Support Files/Pods-LibreShare/Pods-LibreShare-frameworks.sh\"\n";
			showEnvVarsInLog = 0;
		};
		B3989102626173E119398161 /* [CP] Check Pods Manifest.lock */ = {
			isa = PBXShellScriptBuildPhase;
			buildActionMask = 2147483647;
			files = (
			);
			inputFileListPaths = (
			);
			inputPaths = (
				"${PODS_PODFILE_DIR_PATH}/Podfile.lock",
				"${PODS_ROOT}/Manifest.lock",
			);
			name = "[CP] Check Pods Manifest.lock";
			outputFileListPaths = (
			);
			outputPaths = (
				"$(DERIVED_FILE_DIR)/Pods-LibreShare-checkManifestLockResult.txt",
			);
			runOnlyForDeploymentPostprocessing = 0;
			shellPath = /bin/sh;
			shellScript = "diff \"${PODS_PODFILE_DIR_PATH}/Podfile.lock\" \"${PODS_ROOT}/Manifest.lock\" > /dev/null\nif [ $? != 0 ] ; then\n    # print error to STDERR\n    echo \"error: The sandbox is not in sync with the Podfile.lock. Run 'pod install' or update your CocoaPods installation.\" >&2\n    exit 1\nfi\n# This output is used by Xcode 'outputs' to avoid re-running this script phase.\necho \"SUCCESS\" > \"${SCRIPT_OUTPUT_FILE_0}\"\n";
			showEnvVarsInLog = 0;
		};
/* End PBXShellScriptBuildPhase section */

/* Begin PBXSourcesBuildPhase section */
		63206E6322333A3B00A3091E /* Sources */ = {
			isa = PBXSourcesBuildPhase;
			buildActionMask = 2147483647;
			files = (
				63206E6F22333A3B00A3091E /* SecondViewController.swift in Sources */,
				63206E6B22333A3B00A3091E /* AppDelegate.swift in Sources */,
				63206E6D22333A3B00A3091E /* FirstViewController.swift in Sources */,
				63206E7F22345F3C00A3091E /* Enry.swift in Sources */,
			);
			runOnlyForDeploymentPostprocessing = 0;
		};
/* End PBXSourcesBuildPhase section */

/* Begin PBXVariantGroup section */
		63206E7022333A3B00A3091E /* Main.storyboard */ = {
			isa = PBXVariantGroup;
			children = (
				63206E7122333A3B00A3091E /* Base */,
			);
			name = Main.storyboard;
			sourceTree = "<group>";
		};
		63206E7522333A3D00A3091E /* LaunchScreen.storyboard */ = {
			isa = PBXVariantGroup;
			children = (
				63206E7622333A3D00A3091E /* Base */,
			);
			name = LaunchScreen.storyboard;
			sourceTree = "<group>";
		};
/* End PBXVariantGroup section */

/* Begin XCBuildConfiguration section */
		63206E7922333A3D00A3091E /* Debug */ = {
			isa = XCBuildConfiguration;
			buildSettings = {
				ALWAYS_SEARCH_USER_PATHS = NO;
				CLANG_ANALYZER_NONNULL = YES;
				CLANG_ANALYZER_NUMBER_OBJECT_CONVERSION = YES_AGGRESSIVE;
				CLANG_CXX_LANGUAGE_STANDARD = "gnu++14";
				CLANG_CXX_LIBRARY = "libc++";
				CLANG_ENABLE_MODULES = YES;
				CLANG_ENABLE_OBJC_ARC = YES;
				CLANG_ENABLE_OBJC_WEAK = YES;
				CLANG_WARN_BLOCK_CAPTURE_AUTORELEASING = YES;
				CLANG_WARN_BOOL_CONVERSION = YES;
				CLANG_WARN_COMMA = YES;
				CLANG_WARN_CONSTANT_CONVERSION = YES;
				CLANG_WARN_DEPRECATED_OBJC_IMPLEMENTATIONS = YES;
				CLANG_WARN_DIRECT_OBJC_ISA_USAGE = YES_ERROR;
				CLANG_WARN_DOCUMENTATION_COMMENTS = YES;
				CLANG_WARN_EMPTY_BODY = YES;
				CLANG_WARN_ENUM_CONVERSION = YES;
				CLANG_WARN_INFINITE_RECURSION = YES;
				CLANG_WARN_INT_CONVERSION = YES;
				CLANG_WARN_NON_LITERAL_NULL_CONVERSION = YES;
				CLANG_WARN_OBJC_IMPLICIT_RETAIN_SELF = YES;
				CLANG_WARN_OBJC_LITERAL_CONVERSION = YES;
				CLANG_WARN_OBJC_ROOT_CLASS = YES_ERROR;
				CLANG_WARN_RANGE_LOOP_ANALYSIS = YES;
				CLANG_WARN_STRICT_PROTOTYPES = YES;
				CLANG_WARN_SUSPICIOUS_MOVE = YES;
				CLANG_WARN_UNGUARDED_AVAILABILITY = YES_AGGRESSIVE;
				CLANG_WARN_UNREACHABLE_CODE = YES;
				CLANG_WARN__DUPLICATE_METHOD_MATCH = YES;
				CODE_SIGN_IDENTITY = "iPhone Developer";
				COPY_PHASE_STRIP = NO;
				DEBUG_INFORMATION_FORMAT = dwarf;
				ENABLE_STRICT_OBJC_MSGSEND = YES;
				ENABLE_TESTABILITY = YES;
				GCC_C_LANGUAGE_STANDARD = gnu11;
				GCC_DYNAMIC_NO_PIC = NO;
				GCC_NO_COMMON_BLOCKS = YES;
				GCC_OPTIMIZATION_LEVEL = 0;
				GCC_PREPROCESSOR_DEFINITIONS = (
					"DEBUG=1",
					"$(inherited)",
				);
				GCC_WARN_64_TO_32_BIT_CONVERSION = YES;
				GCC_WARN_ABOUT_RETURN_TYPE = YES_ERROR;
				GCC_WARN_UNDECLARED_SELECTOR = YES;
				GCC_WARN_UNINITIALIZED_AUTOS = YES_AGGRESSIVE;
				GCC_WARN_UNUSED_FUNCTION = YES;
				GCC_WARN_UNUSED_VARIABLE = YES;
				IPHONEOS_DEPLOYMENT_TARGET = 12.1;
				MTL_ENABLE_DEBUG_INFO = INCLUDE_SOURCE;
				MTL_FAST_MATH = YES;
				ONLY_ACTIVE_ARCH = YES;
				SDKROOT = iphoneos;
				SWIFT_ACTIVE_COMPILATION_CONDITIONS = DEBUG;
				SWIFT_OPTIMIZATION_LEVEL = "-Onone";
			};
			name = Debug;
		};
		63206E7A22333A3D00A3091E /* Release */ = {
			isa = XCBuildConfiguration;
			buildSettings = {
				ALWAYS_SEARCH_USER_PATHS = NO;
				CLANG_ANALYZER_NONNULL = YES;
				CLANG_ANALYZER_NUMBER_OBJECT_CONVERSION = YES_AGGRESSIVE;
				CLANG_CXX_LANGUAGE_STANDARD = "gnu++14";
				CLANG_CXX_LIBRARY = "libc++";
				CLANG_ENABLE_MODULES = YES;
				CLANG_ENABLE_OBJC_ARC = YES;
				CLANG_ENABLE_OBJC_WEAK = YES;
				CLANG_WARN_BLOCK_CAPTURE_AUTORELEASING = YES;
				CLANG_WARN_BOOL_CONVERSION = YES;
				CLANG_WARN_COMMA = YES;
				CLANG_WARN_CONSTANT_CONVERSION = YES;
				CLANG_WARN_DEPRECATED_OBJC_IMPLEMENTATIONS = YES;
				CLANG_WARN_DIRECT_OBJC_ISA_USAGE = YES_ERROR;
				CLANG_WARN_DOCUMENTATION_COMMENTS = YES;
				CLANG_WARN_EMPTY_BODY = YES;
				CLANG_WARN_ENUM_CONVERSION = YES;
				CLANG_WARN_INFINITE_RECURSION = YES;
				CLANG_WARN_INT_CONVERSION = YES;
				CLANG_WARN_NON_LITERAL_NULL_CONVERSION = YES;
				CLANG_WARN_OBJC_IMPLICIT_RETAIN_SELF = YES;
				CLANG_WARN_OBJC_LITERAL_CONVERSION = YES;
				CLANG_WARN_OBJC_ROOT_CLASS = YES_ERROR;
				CLANG_WARN_RANGE_LOOP_ANALYSIS = YES;
				CLANG_WARN_STRICT_PROTOTYPES = YES;
				CLANG_WARN_SUSPICIOUS_MOVE = YES;
				CLANG_WARN_UNGUARDED_AVAILABILITY = YES_AGGRESSIVE;
				CLANG_WARN_UNREACHABLE_CODE = YES;
				CLANG_WARN__DUPLICATE_METHOD_MATCH = YES;
				CODE_SIGN_IDENTITY = "iPhone Developer";
				COPY_PHASE_STRIP = NO;
				DEBUG_INFORMATION_FORMAT = "dwarf-with-dsym";
				ENABLE_NS_ASSERTIONS = NO;
				ENABLE_STRICT_OBJC_MSGSEND = YES;
				GCC_C_LANGUAGE_STANDARD = gnu11;
				GCC_NO_COMMON_BLOCKS = YES;
				GCC_WARN_64_TO_32_BIT_CONVERSION = YES;
				GCC_WARN_ABOUT_RETURN_TYPE = YES_ERROR;
				GCC_WARN_UNDECLARED_SELECTOR = YES;
				GCC_WARN_UNINITIALIZED_AUTOS = YES_AGGRESSIVE;
				GCC_WARN_UNUSED_FUNCTION = YES;
				GCC_WARN_UNUSED_VARIABLE = YES;
				IPHONEOS_DEPLOYMENT_TARGET = 12.1;
				MTL_ENABLE_DEBUG_INFO = NO;
				MTL_FAST_MATH = YES;
				SDKROOT = iphoneos;
				SWIFT_COMPILATION_MODE = wholemodule;
				SWIFT_OPTIMIZATION_LEVEL = "-O";
				VALIDATE_PRODUCT = YES;
			};
			name = Release;
		};
		63206E7C22333A3D00A3091E /* Debug */ = {
			isa = XCBuildConfiguration;
			baseConfigurationReference = 271B46990090313AF409E347 /* Pods-LibreShare.debug.xcconfig */;
			buildSettings = {
				ASSETCATALOG_COMPILER_APPICON_NAME = AppIcon;
				CODE_SIGN_STYLE = Automatic;
				DEVELOPMENT_TEAM = FEHZ353535;
				INFOPLIST_FILE = LibreShare/Info.plist;
				LD_RUNPATH_SEARCH_PATHS = (
					"$(inherited)",
					"@executable_path/Frameworks",
				);
				PRODUCT_BUNDLE_IDENTIFIER = us.raddev.LibreShare;
				PRODUCT_NAME = "$(TARGET_NAME)";
				SWIFT_VERSION = 4.2;
				TARGETED_DEVICE_FAMILY = "1,2";
			};
			name = Debug;
		};
		63206E7D22333A3D00A3091E /* Release */ = {
			isa = XCBuildConfiguration;
			baseConfigurationReference = C13C612C062807546D3F30B5 /* Pods-LibreShare.release.xcconfig */;
			buildSettings = {
				ASSETCATALOG_COMPILER_APPICON_NAME = AppIcon;
				CODE_SIGN_STYLE = Automatic;
				DEVELOPMENT_TEAM = FEHZ353535;
				INFOPLIST_FILE = LibreShare/Info.plist;
				LD_RUNPATH_SEARCH_PATHS = (
					"$(inherited)",
					"@executable_path/Frameworks",
				);
				PRODUCT_BUNDLE_IDENTIFIER = us.raddev.LibreShare;
				PRODUCT_NAME = "$(TARGET_NAME)";
				SWIFT_VERSION = 4.2;
				TARGETED_DEVICE_FAMILY = "1,2";
			};
			name = Release;
		};
/* End XCBuildConfiguration section */

/* Begin XCConfigurationList section */
		63206E6222333A3B00A3091E /* Build configuration list for PBXProject "LibreShare" */ = {
			isa = XCConfigurationList;
			buildConfigurations = (
				63206E7922333A3D00A3091E /* Debug */,
				63206E7A22333A3D00A3091E /* Release */,
			);
			defaultConfigurationIsVisible = 0;
			defaultConfigurationName = Release;
		};
		63206E7B22333A3D00A3091E /* Build configuration list for PBXNativeTarget "LibreShare" */ = {
			isa = XCConfigurationList;
			buildConfigurations = (
				63206E7C22333A3D00A3091E /* Debug */,
				63206E7D22333A3D00A3091E /* Release */,
			);
			defaultConfigurationIsVisible = 0;
			defaultConfigurationName = Release;
		};
/* End XCConfigurationList section */
	};
	rootObject = 63206E5F22333A3B00A3091E /* Project object */;
}
